
Microsoft Visual Studio Solution File, Format Version 12.00
# Visual Studio Version 17
VisualStudioVersion = 17.2.32519.379
MinimumVisualStudioVersion = 10.0.40219.1
Project("{FAE04EC0-301F-11D3-BF4B-00C04F79EFBC}") = "ITSolution.Framework", "ITSolution.Framework\ITSolution.Framework.csproj", "{A5A1A9BB-6C1B-4A0B-867B-E59132FC51B9}"
EndProject
Project("{FAE04EC0-301F-11D3-BF4B-00C04F79EFBC}") = "ITSolution.Framework.Reports", "ITSolution.Reports\ITSolution.Framework.Reports.csproj", "{4261D396-89DD-45A3-ADBE-93E49502B0DE}"
EndProject
Project("{FAE04EC0-301F-11D3-BF4B-00C04F79EFBC}") = "ITSolution.Teste", "ITSolution.Teste\ITSolution.Teste.csproj", "{47D6A70B-AD03-41EC-B346-97E64F5FCFEB}"
EndProject
Project("{FAE04EC0-301F-11D3-BF4B-00C04F79EFBC}") = "ITSolution.Framework.Admin", "ITSolution.Admin\ITSolution.Framework.Admin.csproj", "{20FB03C3-EE36-4784-A4C4-BD1FBA716548}"
EndProject
Project("{FAE04EC0-301F-11D3-BF4B-00C04F79EFBC}") = "ITSolution.Framework.ServiceFramework", "ITSolution.ServiceFramework\ITSolution.Framework.ServiceFramework.csproj", "{563E79B7-92C9-48F3-9AA2-FAAB8F3CBD5F}"
EndProject
Project("{2150E333-8FDC-42A3-9474-1A3956D46DE8}") = "Common", "Common", "{9CA526CA-4D8F-4304-9CA0-B51CFE2E357E}"
EndProject
Project("{2150E333-8FDC-42A3-9474-1A3956D46DE8}") = "Servers", "Servers", "{82591721-0808-4018-8598-F4FC53243BDD}"
EndProject
Project("{2150E333-8FDC-42A3-9474-1A3956D46DE8}") = "Client", "Client", "{5764E592-9101-4C12-9FD2-DFC3F883EB9B}"
EndProject
Project("{FAE04EC0-301F-11D3-BF4B-00C04F79EFBC}") = "ITSolution.Framework.Server", "Servers\ITSolution.Framework.Server\ITSolution.Framework.Server.csproj", "{E9AA14D4-7C4A-4735-88B4-7C5EC98B2B3C}"
EndProject
Project("{FAE04EC0-301F-11D3-BF4B-00C04F79EFBC}") = "ITSolution.Framework.Common", "Common\ITSolution.Framework.Common\ITSolution.Framework.Common.csproj", "{6228C23A-3C31-4F75-B4A4-E07F159A38A8}"
EndProject
Project("{FAE04EC0-301F-11D3-BF4B-00C04F79EFBC}") = "ITSolution.Framework.ServiceHost", "Servers\ITSolutionFramework\ITSolution.Framework.ServiceHost.csproj", "{2BA38B19-58CA-44BC-9341-CEF567ECE5A0}"
EndProject
Project("{FAE04EC0-301F-11D3-BF4B-00C04F79EFBC}") = "ITSolution.Framework.Server.TraceMonitor", "Servers\ITSolution.Framework.Server.TraceMonitor\ITSolution.Framework.Server.TraceMonitor.csproj", "{009835F4-647E-44B3-BF47-9BEC026D776A}"
EndProject
Project("{FAE04EC0-301F-11D3-BF4B-00C04F79EFBC}") = "ITSolution.Framework.Server.Scheduler", "Servers\ITSolution.Framework.Server.Scheduler\ITSolution.Framework.Server.Scheduler.csproj", "{EFAC283D-11A0-4254-94BE-C08AA045668F}"
EndProject
Project("{FAE04EC0-301F-11D3-BF4B-00C04F79EFBC}") = "ITSolution.Framework.Server.ReportServer", "Servers\ITSolution.Framework.Server.ReportServer\ITSolution.Framework.Server.ReportServer.csproj", "{9BF50DF3-929F-4FFC-BF56-AA33FE61A390}"
EndProject
Project("{FAE04EC0-301F-11D3-BF4B-00C04F79EFBC}") = "ITSolution.Framework.Client.Reports", "Client\ITS.ReportClient\ITSolution.Framework.Client.Reports.csproj", "{F79D5DC9-42C3-4B49-BCE1-F041BFF627A2}"
EndProject
Project("{2150E333-8FDC-42A3-9474-1A3956D46DE8}") = "Solution Items", "Solution Items", "{2B21D459-11FF-4460-A52F-6A0C815F756B}"
	ProjectSection(SolutionItems) = preProject
		Copy_Output_Files_Framework.bat = Copy_Output_Files_Framework.bat
	EndProjectSection
EndProject
Project("{FAE04EC0-301F-11D3-BF4B-00C04F79EFBC}") = "ITSolution.Framework.Windows.Forms", "Client\ITSolution.Windows.Forms\ITSolution.Framework.Windows.Forms.csproj", "{B61AAE25-3FD3-4B22-9AB1-3410B4D237F3}"
EndProject
Global
	GlobalSection(SolutionConfigurationPlatforms) = preSolution
		Debug|Any CPU = Debug|Any CPU
		Release|Any CPU = Release|Any CPU
	EndGlobalSection
	GlobalSection(ProjectConfigurationPlatforms) = postSolution
		{A5A1A9BB-6C1B-4A0B-867B-E59132FC51B9}.Debug|Any CPU.ActiveCfg = Debug|Any CPU
		{A5A1A9BB-6C1B-4A0B-867B-E59132FC51B9}.Debug|Any CPU.Build.0 = Debug|Any CPU
		{A5A1A9BB-6C1B-4A0B-867B-E59132FC51B9}.Release|Any CPU.ActiveCfg = Release|Any CPU
		{A5A1A9BB-6C1B-4A0B-867B-E59132FC51B9}.Release|Any CPU.Build.0 = Release|Any CPU
		{4261D396-89DD-45A3-ADBE-93E49502B0DE}.Debug|Any CPU.ActiveCfg = Debug|Any CPU
		{4261D396-89DD-45A3-ADBE-93E49502B0DE}.Debug|Any CPU.Build.0 = Debug|Any CPU
		{4261D396-89DD-45A3-ADBE-93E49502B0DE}.Release|Any CPU.ActiveCfg = Release|Any CPU
		{4261D396-89DD-45A3-ADBE-93E49502B0DE}.Release|Any CPU.Build.0 = Release|Any CPU
		{47D6A70B-AD03-41EC-B346-97E64F5FCFEB}.Debug|Any CPU.ActiveCfg = Debug|Any CPU
		{47D6A70B-AD03-41EC-B346-97E64F5FCFEB}.Release|Any CPU.ActiveCfg = Release|Any CPU
		{47D6A70B-AD03-41EC-B346-97E64F5FCFEB}.Release|Any CPU.Build.0 = Release|Any CPU
		{20FB03C3-EE36-4784-A4C4-BD1FBA716548}.Debug|Any CPU.ActiveCfg = Debug|Any CPU
		{20FB03C3-EE36-4784-A4C4-BD1FBA716548}.Debug|Any CPU.Build.0 = Debug|Any CPU
		{20FB03C3-EE36-4784-A4C4-BD1FBA716548}.Release|Any CPU.ActiveCfg = Release|Any CPU
		{20FB03C3-EE36-4784-A4C4-BD1FBA716548}.Release|Any CPU.Build.0 = Release|Any CPU
		{563E79B7-92C9-48F3-9AA2-FAAB8F3CBD5F}.Debug|Any CPU.ActiveCfg = Debug|Any CPU
		{563E79B7-92C9-48F3-9AA2-FAAB8F3CBD5F}.Debug|Any CPU.Build.0 = Debug|Any CPU
		{563E79B7-92C9-48F3-9AA2-FAAB8F3CBD5F}.Release|Any CPU.ActiveCfg = Release|Any CPU
		{563E79B7-92C9-48F3-9AA2-FAAB8F3CBD5F}.Release|Any CPU.Build.0 = Release|Any CPU
		{E9AA14D4-7C4A-4735-88B4-7C5EC98B2B3C}.Debug|Any CPU.ActiveCfg = Debug|Any CPU
		{E9AA14D4-7C4A-4735-88B4-7C5EC98B2B3C}.Debug|Any CPU.Build.0 = Debug|Any CPU
		{E9AA14D4-7C4A-4735-88B4-7C5EC98B2B3C}.Release|Any CPU.ActiveCfg = Release|Any CPU
		{E9AA14D4-7C4A-4735-88B4-7C5EC98B2B3C}.Release|Any CPU.Build.0 = Release|Any CPU
		{6228C23A-3C31-4F75-B4A4-E07F159A38A8}.Debug|Any CPU.ActiveCfg = Debug|Any CPU
		{6228C23A-3C31-4F75-B4A4-E07F159A38A8}.Debug|Any CPU.Build.0 = Debug|Any CPU
		{6228C23A-3C31-4F75-B4A4-E07F159A38A8}.Release|Any CPU.ActiveCfg = Release|Any CPU
		{6228C23A-3C31-4F75-B4A4-E07F159A38A8}.Release|Any CPU.Build.0 = Release|Any CPU
		{2BA38B19-58CA-44BC-9341-CEF567ECE5A0}.Debug|Any CPU.ActiveCfg = Debug|Any CPU
		{2BA38B19-58CA-44BC-9341-CEF567ECE5A0}.Debug|Any CPU.Build.0 = Debug|Any CPU
		{2BA38B19-58CA-44BC-9341-CEF567ECE5A0}.Release|Any CPU.ActiveCfg = Release|Any CPU
		{2BA38B19-58CA-44BC-9341-CEF567ECE5A0}.Release|Any CPU.Build.0 = Release|Any CPU
		{009835F4-647E-44B3-BF47-9BEC026D776A}.Debug|Any CPU.ActiveCfg = Debug|Any CPU
		{009835F4-647E-44B3-BF47-9BEC026D776A}.Debug|Any CPU.Build.0 = Debug|Any CPU
		{009835F4-647E-44B3-BF47-9BEC026D776A}.Release|Any CPU.ActiveCfg = Release|Any CPU
		{009835F4-647E-44B3-BF47-9BEC026D776A}.Release|Any CPU.Build.0 = Release|Any CPU
		{EFAC283D-11A0-4254-94BE-C08AA045668F}.Debug|Any CPU.ActiveCfg = Debug|Any CPU
		{EFAC283D-11A0-4254-94BE-C08AA045668F}.Debug|Any CPU.Build.0 = Debug|Any CPU
		{EFAC283D-11A0-4254-94BE-C08AA045668F}.Release|Any CPU.ActiveCfg = Release|Any CPU
		{EFAC283D-11A0-4254-94BE-C08AA045668F}.Release|Any CPU.Build.0 = Release|Any CPU
		{9BF50DF3-929F-4FFC-BF56-AA33FE61A390}.Debug|Any CPU.ActiveCfg = Debug|Any CPU
		{9BF50DF3-929F-4FFC-BF56-AA33FE61A390}.Debug|Any CPU.Build.0 = Debug|Any CPU
		{9BF50DF3-929F-4FFC-BF56-AA33FE61A390}.Release|Any CPU.ActiveCfg = Release|Any CPU
		{9BF50DF3-929F-4FFC-BF56-AA33FE61A390}.Release|Any CPU.Build.0 = Release|Any CPU
		{F79D5DC9-42C3-4B49-BCE1-F041BFF627A2}.Debug|Any CPU.ActiveCfg = Debug|Any CPU
		{F79D5DC9-42C3-4B49-BCE1-F041BFF627A2}.Debug|Any CPU.Build.0 = Debug|Any CPU
		{F79D5DC9-42C3-4B49-BCE1-F041BFF627A2}.Release|Any CPU.ActiveCfg = Release|Any CPU
		{F79D5DC9-42C3-4B49-BCE1-F041BFF627A2}.Release|Any CPU.Build.0 = Release|Any CPU
		{B61AAE25-3FD3-4B22-9AB1-3410B4D237F3}.Debug|Any CPU.ActiveCfg = Debug|Any CPU
		{B61AAE25-3FD3-4B22-9AB1-3410B4D237F3}.Debug|Any CPU.Build.0 = Debug|Any CPU
		{B61AAE25-3FD3-4B22-9AB1-3410B4D237F3}.Release|Any CPU.ActiveCfg = Release|Any CPU
		{B61AAE25-3FD3-4B22-9AB1-3410B4D237F3}.Release|Any CPU.Build.0 = Release|Any CPU
	EndGlobalSection
	GlobalSection(SolutionProperties) = preSolution
		HideSolutionNode = FALSE
	EndGlobalSection
	GlobalSection(NestedProjects) = preSolution
		{A5A1A9BB-6C1B-4A0B-867B-E59132FC51B9} = {9CA526CA-4D8F-4304-9CA0-B51CFE2E357E}
		{4261D396-89DD-45A3-ADBE-93E49502B0DE} = {9CA526CA-4D8F-4304-9CA0-B51CFE2E357E}
		{20FB03C3-EE36-4784-A4C4-BD1FBA716548} = {5764E592-9101-4C12-9FD2-DFC3F883EB9B}
		{563E79B7-92C9-48F3-9AA2-FAAB8F3CBD5F} = {82591721-0808-4018-8598-F4FC53243BDD}
		{E9AA14D4-7C4A-4735-88B4-7C5EC98B2B3C} = {82591721-0808-4018-8598-F4FC53243BDD}
		{6228C23A-3C31-4F75-B4A4-E07F159A38A8} = {9CA526CA-4D8F-4304-9CA0-B51CFE2E357E}
		{2BA38B19-58CA-44BC-9341-CEF567ECE5A0} = {82591721-0808-4018-8598-F4FC53243BDD}
		{009835F4-647E-44B3-BF47-9BEC026D776A} = {82591721-0808-4018-8598-F4FC53243BDD}
		{EFAC283D-11A0-4254-94BE-C08AA045668F} = {82591721-0808-4018-8598-F4FC53243BDD}
		{9BF50DF3-929F-4FFC-BF56-AA33FE61A390} = {82591721-0808-4018-8598-F4FC53243BDD}
		{F79D5DC9-42C3-4B49-BCE1-F041BFF627A2} = {5764E592-9101-4C12-9FD2-DFC3F883EB9B}
		{B61AAE25-3FD3-4B22-9AB1-3410B4D237F3} = {5764E592-9101-4C12-9FD2-DFC3F883EB9B}
	EndGlobalSection
	GlobalSection(ExtensibilityGlobals) = postSolution
		SolutionGuid = {71DFB26D-0512-4912-B8C0-063D030A23AD}
	EndGlobalSection
EndGlobal
